PODS:
  - boost-for-react-native (1.63.0)
  - BVLinearGradient (2.5.6):
    - React
  - DoubleConversion (1.1.6)
  - FBLazyVector (0.62.0-rc.4)
  - FBReactNativeSpec (0.62.0-rc.4):
    - Folly (= 2018.10.22.00)
    - RCTRequired (= 0.62.0-rc.4)
    - RCTTypeSafety (= 0.62.0-rc.4)
    - React-Core (= 0.62.0-rc.4)
    - React-jsi (= 0.62.0-rc.4)
    - ReactCommon/turbomodule/core (= 0.62.0-rc.4)
  - Folly (2018.10.22.00):
    - boost-for-react-native
    - DoubleConversion
    - Folly/Default (= 2018.10.22.00)
    - glog
  - Folly/Default (2018.10.22.00):
    - boost-for-react-native
    - DoubleConversion
    - glog
  - glog (0.3.5)
  - RCTRequired (0.62.0-rc.4)
  - RCTTypeSafety (0.62.0-rc.4):
    - FBLazyVector (= 0.62.0-rc.4)
    - Folly (= 2018.10.22.00)
    - RCTRequired (= 0.62.0-rc.4)
    - React-Core (= 0.62.0-rc.4)
  - React (0.62.0-rc.4):
    - React-Core (= 0.62.0-rc.4)
    - React-Core/DevSupport (= 0.62.0-rc.4)
    - React-Core/RCTWebSocket (= 0.62.0-rc.4)
    - React-RCTActionSheet (= 0.62.0-rc.4)
    - React-RCTAnimation (= 0.62.0-rc.4)
    - React-RCTBlob (= 0.62.0-rc.4)
    - React-RCTImage (= 0.62.0-rc.4)
    - React-RCTLinking (= 0.62.0-rc.4)
    - React-RCTNetwork (= 0.62.0-rc.4)
    - React-RCTSettings (= 0.62.0-rc.4)
    - React-RCTText (= 0.62.0-rc.4)
    - React-RCTVibration (= 0.62.0-rc.4)
  - React-Core (0.62.0-rc.4):
    - Folly (= 2018.10.22.00)
    - glog
    - React-Core/Default (= 0.62.0-rc.4)
    - React-cxxreact (= 0.62.0-rc.4)
    - React-jsi (= 0.62.0-rc.4)
    - React-jsiexecutor (= 0.62.0-rc.4)
    - Yoga
  - React-Core/CoreModulesHeaders (0.62.0-rc.4):
    - Folly (= 2018.10.22.00)
    - glog
    - React-Core/Default
    - React-cxxreact (= 0.62.0-rc.4)
    - React-jsi (= 0.62.0-rc.4)
    - React-jsiexecutor (= 0.62.0-rc.4)
    - Yoga
  - React-Core/Default (0.62.0-rc.4):
    - Folly (= 2018.10.22.00)
    - glog
    - React-cxxreact (= 0.62.0-rc.4)
    - React-jsi (= 0.62.0-rc.4)
    - React-jsiexecutor (= 0.62.0-rc.4)
    - Yoga
  - React-Core/DevSupport (0.62.0-rc.4):
    - Folly (= 2018.10.22.00)
    - glog
    - React-Core/Default (= 0.62.0-rc.4)
    - React-Core/RCTWebSocket (= 0.62.0-rc.4)
    - React-cxxreact (= 0.62.0-rc.4)
    - React-jsi (= 0.62.0-rc.4)
    - React-jsiexecutor (= 0.62.0-rc.4)
    - React-jsinspector (= 0.62.0-rc.4)
    - Yoga
  - React-Core/RCTActionSheetHeaders (0.62.0-rc.4):
    - Folly (= 2018.10.22.00)
    - glog
    - React-Core/Default
    - React-cxxreact (= 0.62.0-rc.4)
    - React-jsi (= 0.62.0-rc.4)
    - React-jsiexecutor (= 0.62.0-rc.4)
    - Yoga
  - React-Core/RCTAnimationHeaders (0.62.0-rc.4):
    - Folly (= 2018.10.22.00)
    - glog
    - React-Core/Default
    - React-cxxreact (= 0.62.0-rc.4)
    - React-jsi (= 0.62.0-rc.4)
    - React-jsiexecutor (= 0.62.0-rc.4)
    - Yoga
  - React-Core/RCTBlobHeaders (0.62.0-rc.4):
    - Folly (= 2018.10.22.00)
    - glog
    - React-Core/Default
    - React-cxxreact (= 0.62.0-rc.4)
    - React-jsi (= 0.62.0-rc.4)
    - React-jsiexecutor (= 0.62.0-rc.4)
    - Yoga
  - React-Core/RCTImageHeaders (0.62.0-rc.4):
    - Folly (= 2018.10.22.00)
    - glog
    - React-Core/Default
    - React-cxxreact (= 0.62.0-rc.4)
    - React-jsi (= 0.62.0-rc.4)
    - React-jsiexecutor (= 0.62.0-rc.4)
    - Yoga
  - React-Core/RCTLinkingHeaders (0.62.0-rc.4):
    - Folly (= 2018.10.22.00)
    - glog
    - React-Core/Default
    - React-cxxreact (= 0.62.0-rc.4)
    - React-jsi (= 0.62.0-rc.4)
    - React-jsiexecutor (= 0.62.0-rc.4)
    - Yoga
  - React-Core/RCTNetworkHeaders (0.62.0-rc.4):
    - Folly (= 2018.10.22.00)
    - glog
    - React-Core/Default
    - React-cxxreact (= 0.62.0-rc.4)
    - React-jsi (= 0.62.0-rc.4)
    - React-jsiexecutor (= 0.62.0-rc.4)
    - Yoga
  - React-Core/RCTSettingsHeaders (0.62.0-rc.4):
    - Folly (= 2018.10.22.00)
    - glog
    - React-Core/Default
    - React-cxxreact (= 0.62.0-rc.4)
    - React-jsi (= 0.62.0-rc.4)
    - React-jsiexecutor (= 0.62.0-rc.4)
    - Yoga
  - React-Core/RCTTextHeaders (0.62.0-rc.4):
    - Folly (= 2018.10.22.00)
    - glog
    - React-Core/Default
    - React-cxxreact (= 0.62.0-rc.4)
    - React-jsi (= 0.62.0-rc.4)
    - React-jsiexecutor (= 0.62.0-rc.4)
    - Yoga
  - React-Core/RCTVibrationHeaders (0.62.0-rc.4):
    - Folly (= 2018.10.22.00)
    - glog
    - React-Core/Default
    - React-cxxreact (= 0.62.0-rc.4)
    - React-jsi (= 0.62.0-rc.4)
    - React-jsiexecutor (= 0.62.0-rc.4)
    - Yoga
  - React-Core/RCTWebSocket (0.62.0-rc.4):
    - Folly (= 2018.10.22.00)
    - glog
    - React-Core/Default (= 0.62.0-rc.4)
    - React-cxxreact (= 0.62.0-rc.4)
    - React-jsi (= 0.62.0-rc.4)
    - React-jsiexecutor (= 0.62.0-rc.4)
    - Yoga
  - React-CoreModules (0.62.0-rc.4):
    - FBReactNativeSpec (= 0.62.0-rc.4)
    - Folly (= 2018.10.22.00)
    - RCTTypeSafety (= 0.62.0-rc.4)
    - React-Core/CoreModulesHeaders (= 0.62.0-rc.4)
    - React-RCTImage (= 0.62.0-rc.4)
    - ReactCommon/turbomodule/core (= 0.62.0-rc.4)
  - React-cxxreact (0.62.0-rc.4):
    - boost-for-react-native (= 1.63.0)
    - DoubleConversion
    - Folly (= 2018.10.22.00)
    - glog
    - React-jsinspector (= 0.62.0-rc.4)
  - React-jsi (0.62.0-rc.4):
    - boost-for-react-native (= 1.63.0)
    - DoubleConversion
    - Folly (= 2018.10.22.00)
    - glog
    - React-jsi/Default (= 0.62.0-rc.4)
  - React-jsi/Default (0.62.0-rc.4):
    - boost-for-react-native (= 1.63.0)
    - DoubleConversion
    - Folly (= 2018.10.22.00)
    - glog
  - React-jsiexecutor (0.62.0-rc.4):
    - DoubleConversion
    - Folly (= 2018.10.22.00)
    - glog
    - React-cxxreact (= 0.62.0-rc.4)
    - React-jsi (= 0.62.0-rc.4)
  - React-jsinspector (0.62.0-rc.4)
  - react-native-safe-area-context (0.7.3):
    - React
  - react-native-webview (9.2.1):
    - React
  - React-RCTActionSheet (0.62.0-rc.4):
    - React-Core/RCTActionSheetHeaders (= 0.62.0-rc.4)
  - React-RCTAnimation (0.62.0-rc.4):
    - FBReactNativeSpec (= 0.62.0-rc.4)
    - Folly (= 2018.10.22.00)
    - RCTTypeSafety (= 0.62.0-rc.4)
    - React-Core/RCTAnimationHeaders (= 0.62.0-rc.4)
    - ReactCommon/turbomodule/core (= 0.62.0-rc.4)
  - React-RCTBlob (0.62.0-rc.4):
    - FBReactNativeSpec (= 0.62.0-rc.4)
    - Folly (= 2018.10.22.00)
    - React-Core/RCTBlobHeaders (= 0.62.0-rc.4)
    - React-Core/RCTWebSocket (= 0.62.0-rc.4)
    - React-jsi (= 0.62.0-rc.4)
    - React-RCTNetwork (= 0.62.0-rc.4)
    - ReactCommon/turbomodule/core (= 0.62.0-rc.4)
  - React-RCTImage (0.62.0-rc.4):
    - FBReactNativeSpec (= 0.62.0-rc.4)
    - Folly (= 2018.10.22.00)
    - RCTTypeSafety (= 0.62.0-rc.4)
    - React-Core/RCTImageHeaders (= 0.62.0-rc.4)
    - React-RCTNetwork (= 0.62.0-rc.4)
    - ReactCommon/turbomodule/core (= 0.62.0-rc.4)
  - React-RCTLinking (0.62.0-rc.4):
    - FBReactNativeSpec (= 0.62.0-rc.4)
    - React-Core/RCTLinkingHeaders (= 0.62.0-rc.4)
    - ReactCommon/turbomodule/core (= 0.62.0-rc.4)
  - React-RCTNetwork (0.62.0-rc.4):
    - FBReactNativeSpec (= 0.62.0-rc.4)
    - Folly (= 2018.10.22.00)
    - RCTTypeSafety (= 0.62.0-rc.4)
    - React-Core/RCTNetworkHeaders (= 0.62.0-rc.4)
    - ReactCommon/turbomodule/core (= 0.62.0-rc.4)
  - React-RCTSettings (0.62.0-rc.4):
    - FBReactNativeSpec (= 0.62.0-rc.4)
    - Folly (= 2018.10.22.00)
    - RCTTypeSafety (= 0.62.0-rc.4)
    - React-Core/RCTSettingsHeaders (= 0.62.0-rc.4)
    - ReactCommon/turbomodule/core (= 0.62.0-rc.4)
  - React-RCTText (0.62.0-rc.4):
    - React-Core/RCTTextHeaders (= 0.62.0-rc.4)
  - React-RCTVibration (0.62.0-rc.4):
    - FBReactNativeSpec (= 0.62.0-rc.4)
    - Folly (= 2018.10.22.00)
    - React-Core/RCTVibrationHeaders (= 0.62.0-rc.4)
    - ReactCommon/turbomodule/core (= 0.62.0-rc.4)
  - ReactCommon/callinvoker (0.62.0-rc.4):
    - DoubleConversion
    - Folly (= 2018.10.22.00)
    - glog
    - React-cxxreact (= 0.62.0-rc.4)
  - ReactCommon/turbomodule/core (0.62.0-rc.4):
    - DoubleConversion
    - Folly (= 2018.10.22.00)
    - glog
    - React-Core (= 0.62.0-rc.4)
    - React-cxxreact (= 0.62.0-rc.4)
    - React-jsi (= 0.62.0-rc.4)
    - ReactCommon/callinvoker (= 0.62.0-rc.4)
  - rn-fetch-blob (0.12.0):
    - React-Core
  - RNCAsyncStorage (1.8.1):
    - React
  - RNCMaskedView (0.1.7):
    - React
  - RNGestureHandler (1.6.1):
    - React
  - RNI18n (2.0.15):
    - React
  - RNInAppBrowser (3.4.0):
    - React
  - RNReanimated (1.7.1):
    - React
  - RNScreens (2.4.0):
    - React
  - RNShare (3.3.0):
    - React
  - RNVectorIcons (6.6.0):
    - React
  - Yoga (1.14.0)

DEPENDENCIES:
  - BVLinearGradient (from `../node_modules/react-native-linear-gradient`)
  - DoubleConversion (from `../node_modules/react-native/third-party-podspecs/DoubleConversion.podspec`)
  - FBLazyVector (from `../node_modules/react-native/Libraries/FBLazyVector`)
  - FBReactNativeSpec (from `../node_modules/react-native/Libraries/FBReactNativeSpec`)
  - Folly (from `../node_modules/react-native/third-party-podspecs/Folly.podspec`)
  - glog (from `../node_modules/react-native/third-party-podspecs/glog.podspec`)
  - RCTRequired (from `../node_modules/react-native/Libraries/RCTRequired`)
  - RCTTypeSafety (from `../node_modules/react-native/Libraries/TypeSafety`)
  - React (from `../node_modules/react-native/`)
  - React-Core (from `../node_modules/react-native/`)
  - React-Core/DevSupport (from `../node_modules/react-native/`)
  - React-Core/RCTWebSocket (from `../node_modules/react-native/`)
  - React-CoreModules (from `../node_modules/react-native/React/CoreModules`)
  - React-cxxreact (from `../node_modules/react-native/ReactCommon/cxxreact`)
  - React-jsi (from `../node_modules/react-native/ReactCommon/jsi`)
  - React-jsiexecutor (from `../node_modules/react-native/ReactCommon/jsiexecutor`)
  - React-jsinspector (from `../node_modules/react-native/ReactCommon/jsinspector`)
  - react-native-safe-area-context (from `../node_modules/react-native-safe-area-context`)
  - react-native-webview (from `../node_modules/react-native-webview`)
  - React-RCTActionSheet (from `../node_modules/react-native/Libraries/ActionSheetIOS`)
  - React-RCTAnimation (from `../node_modules/react-native/Libraries/NativeAnimation`)
  - React-RCTBlob (from `../node_modules/react-native/Libraries/Blob`)
  - React-RCTImage (from `../node_modules/react-native/Libraries/Image`)
  - React-RCTLinking (from `../node_modules/react-native/Libraries/LinkingIOS`)
  - React-RCTNetwork (from `../node_modules/react-native/Libraries/Network`)
  - React-RCTSettings (from `../node_modules/react-native/Libraries/Settings`)
  - React-RCTText (from `../node_modules/react-native/Libraries/Text`)
  - React-RCTVibration (from `../node_modules/react-native/Libraries/Vibration`)
  - ReactCommon/callinvoker (from `../node_modules/react-native/ReactCommon`)
  - ReactCommon/turbomodule/core (from `../node_modules/react-native/ReactCommon`)
  - rn-fetch-blob (from `../node_modules/rn-fetch-blob`)
  - "RNCAsyncStorage (from `../node_modules/@react-native-community/async-storage`)"
  - "RNCMaskedView (from `../node_modules/@react-native-community/masked-view`)"
  - RNGestureHandler (from `../node_modules/react-native-gesture-handler`)
  - RNI18n (from `../node_modules/react-native-i18n`)
  - RNInAppBrowser (from `../node_modules/react-native-inappbrowser-reborn`)
  - RNReanimated (from `../node_modules/react-native-reanimated`)
  - RNScreens (from `../node_modules/react-native-screens`)
  - RNShare (from `../node_modules/react-native-share`)
  - RNVectorIcons (from `../node_modules/react-native-vector-icons`)
  - Yoga (from `../node_modules/react-native/ReactCommon/yoga`)

SPEC REPOS:
  trunk:
    - boost-for-react-native

EXTERNAL SOURCES:
  BVLinearGradient:
    :path: "../node_modules/react-native-linear-gradient"
  DoubleConversion:
    :podspec: "../node_modules/react-native/third-party-podspecs/DoubleConversion.podspec"
  FBLazyVector:
    :path: "../node_modules/react-native/Libraries/FBLazyVector"
  FBReactNativeSpec:
    :path: "../node_modules/react-native/Libraries/FBReactNativeSpec"
  Folly:
    :podspec: "../node_modules/react-native/third-party-podspecs/Folly.podspec"
  glog:
    :podspec: "../node_modules/react-native/third-party-podspecs/glog.podspec"
  RCTRequired:
    :path: "../node_modules/react-native/Libraries/RCTRequired"
  RCTTypeSafety:
    :path: "../node_modules/react-native/Libraries/TypeSafety"
  React:
    :path: "../node_modules/react-native/"
  React-Core:
    :path: "../node_modules/react-native/"
  React-CoreModules:
    :path: "../node_modules/react-native/React/CoreModules"
  React-cxxreact:
    :path: "../node_modules/react-native/ReactCommon/cxxreact"
  React-jsi:
    :path: "../node_modules/react-native/ReactCommon/jsi"
  React-jsiexecutor:
    :path: "../node_modules/react-native/ReactCommon/jsiexecutor"
  React-jsinspector:
    :path: "../node_modules/react-native/ReactCommon/jsinspector"
  react-native-safe-area-context:
    :path: "../node_modules/react-native-safe-area-context"
  react-native-webview:
    :path: "../node_modules/react-native-webview"
  React-RCTActionSheet:
    :path: "../node_modules/react-native/Libraries/ActionSheetIOS"
  React-RCTAnimation:
    :path: "../node_modules/react-native/Libraries/NativeAnimation"
  React-RCTBlob:
    :path: "../node_modules/react-native/Libraries/Blob"
  React-RCTImage:
    :path: "../node_modules/react-native/Libraries/Image"
  React-RCTLinking:
    :path: "../node_modules/react-native/Libraries/LinkingIOS"
  React-RCTNetwork:
    :path: "../node_modules/react-native/Libraries/Network"
  React-RCTSettings:
    :path: "../node_modules/react-native/Libraries/Settings"
  React-RCTText:
    :path: "../node_modules/react-native/Libraries/Text"
  React-RCTVibration:
    :path: "../node_modules/react-native/Libraries/Vibration"
  ReactCommon:
    :path: "../node_modules/react-native/ReactCommon"
  rn-fetch-blob:
    :path: "../node_modules/rn-fetch-blob"
  RNCAsyncStorage:
    :path: "../node_modules/@react-native-community/async-storage"
  RNCMaskedView:
    :path: "../node_modules/@react-native-community/masked-view"
  RNGestureHandler:
    :path: "../node_modules/react-native-gesture-handler"
  RNI18n:
    :path: "../node_modules/react-native-i18n"
  RNInAppBrowser:
    :path: "../node_modules/react-native-inappbrowser-reborn"
  RNReanimated:
    :path: "../node_modules/react-native-reanimated"
  RNScreens:
    :path: "../node_modules/react-native-screens"
  RNShare:
    :path: "../node_modules/react-native-share"
  RNVectorIcons:
    :path: "../node_modules/react-native-vector-icons"
  Yoga:
    :path: "../node_modules/react-native/ReactCommon/yoga"

SPEC CHECKSUMS:
  boost-for-react-native: 39c7adb57c4e60d6c5479dd8623128eb5b3f0f2c
  BVLinearGradient: e3aad03778a456d77928f594a649e96995f1c872
  DoubleConversion: 5805e889d232975c086db112ece9ed034df7a0b2
  FBLazyVector: c09b5a4b3d79130f3aa6850e75fd1e0b0bb4062b
  FBReactNativeSpec: a9278987bcc3be442f0975c36756a815e13abbb9
  Folly: 30e7936e1c45c08d884aa59369ed951a8e68cf51
  glog: 1f3da668190260b06b429bb211bfbee5cd790c28
  RCTRequired: 0a0562cf1add13ab379491d79e85af4ea0ae5332
  RCTTypeSafety: 35863b8e3a9bd2724c35a87506c2816b8da1f71e
  React: 19a87c35314741d3b47955ec5a1a4ebeba98b1be
  React-Core: 426d1c2b49fc1684383af04853c07a6d64b17bf0
  React-CoreModules: cd25508b58e5290d43ba3ddaeca7981e0a77c40b
  React-cxxreact: dd0c08b1589519c2c6686a525a354ec4341abbf7
  React-jsi: 8d8de0bf49328c30013a503440e3db928dbf485d
  React-jsiexecutor: 2c3e67b5572eef69e8bd6d30a5888d06e1897617
  React-jsinspector: 61bea93a95e93bfc189c99dba7888fd56b48abb0
  react-native-safe-area-context: e200d4433aba6b7e60b52da5f37af11f7a0b0392
  react-native-webview: 9fb615251c147d1b94157b31fa0ea9c68b234c04
  React-RCTActionSheet: db770a1c32099645c58e3bdc559edca00f3323c7
  React-RCTAnimation: 15844700becbcea663a05210833171e29c31baa6
  React-RCTBlob: 8585086223f11d8537fb1ab6346357d9dab5bdb9
  React-RCTImage: dbe2f087f8b84dbd63ebaa3f1a86b452d4d26601
  React-RCTLinking: 072ae23e845dc0f7df815786811cc6ccba9d7475
  React-RCTNetwork: 7f652c61490754f88cc50c86a27b193633ae4efe
  React-RCTSettings: 23d1f37eb5424025875999a96a329f65ee825266
  React-RCTText: c608a729a8bbbebb3db5597a0003274927df8bf8
  React-RCTVibration: de94cfdcf80694104bd6835247a14401e462ff71
  ReactCommon: d498092bc5152480afa7145dc1a79362396c6a36
  rn-fetch-blob: f065bb7ab7fb48dd002629f8bdcb0336602d3cba
  RNCAsyncStorage: e0dd7c8a36543b4ef84969acd9f8aceba3a92dc2
  RNCMaskedView: 76c40a1d41c3e2535df09246a2b5487f04de0814
  RNGestureHandler: 8f09cd560f8d533eb36da5a6c5a843af9f056b38
  RNI18n: e2f7e76389fcc6e84f2c8733ea89b92502351fd8
  RNInAppBrowser: c1a0dad2734458d79bcb6c8f4297ba8658a1da9f
  RNReanimated: 4e102df74a9674fa943e05f97f3362b6e44d0b48
  RNScreens: b5c0e1b2b04512919e78bd3898e144a157ce2363
  RNShare: fea1801315aa8875d6db73a4010b14afcd568765
  RNVectorIcons: 0bb4def82230be1333ddaeee9fcba45f0b288ed4
  Yoga: 96d2c1d695626a584b9a9ff1f9a4bec191a7c3b1

PODFILE CHECKSUM: 9b5eb89d8d6dd8c117b92381a6305fc3b72ed782

COCOAPODS: 1.9.3
